
Microsoft Visual Studio Solution File, Format Version 12.00
# Visual Studio 2013
VisualStudioVersion = 12.0.31101.0
MinimumVisualStudioVersion = 10.0.40219.1
Project("{FAE04EC0-301F-11D3-BF4B-00C04F79EFBC}") = "Sis_Vendas_Mega", "Sis_Vendas_Mega\Sis_Vendas_Mega.csproj", "{1A62D551-FCD7-48B3-B832-3E5428E349C2}"
EndProject
Project("{FAE04EC0-301F-11D3-BF4B-00C04F79EFBC}") = "LibraryConnection", "LibraryConnection\LibraryConnection.csproj", "{8C12B514-5DEF-47B7-A8E9-CD87B2EA5C14}"
EndProject
Global
	GlobalSection(SolutionConfigurationPlatforms) = preSolution
		Debug|Any CPU = Debug|Any CPU
		Release|Any CPU = Release|Any CPU
	EndGlobalSection
	GlobalSection(ProjectConfigurationPlatforms) = postSolution
		{1A62D551-FCD7-48B3-B832-3E5428E349C2}.Debug|Any CPU.ActiveCfg = Debug|Any CPU
		{1A62D551-FCD7-48B3-B832-3E5428E349C2}.Debug|Any CPU.Build.0 = Debug|Any CPU
		{1A62D551-FCD7-48B3-B832-3E5428E349C2}.Release|Any CPU.ActiveCfg = Release|Any CPU
		{1A62D551-FCD7-48B3-B832-3E5428E349C2}.Release|Any CPU.Build.0 = Release|Any CPU
		{8C12B514-5DEF-47B7-A8E9-CD87B2EA5C14}.Debug|Any CPU.ActiveCfg = Debug|Any CPU
		{8C12B514-5DEF-47B7-A8E9-CD87B2EA5C14}.Debug|Any CPU.Build.0 = Debug|Any CPU
		{8C12B514-5DEF-47B7-A8E9-CD87B2EA5C14}.Release|Any CPU.ActiveCfg = Release|Any CPU
		{8C12B514-5DEF-47B7-A8E9-CD87B2EA5C14}.Release|Any CPU.Build.0 = Release|Any CPU
	EndGlobalSection
	GlobalSection(SolutionProperties) = preSolution
		HideSolutionNode = FALSE
	EndGlobalSection
EndGlobal
